
Microsoft Visual Studio Solution File, Format Version 12.00
# Visual Studio 15
VisualStudioVersion = 15.0.28307.1972
MinimumVisualStudioVersion = 10.0.40219.1
Project("{FAE04EC0-301F-11D3-BF4B-00C04F79EFBC}") = "LABA2_SERVER_PART", "LABA2_SERVER_PART\LABA2_SERVER_PART.csproj", "{63770B4A-4DED-4D81-B39C-E8362B228F45}"
EndProject
Global
	GlobalSection(SolutionConfigurationPlatforms) = preSolution
		Debug|Any CPU = Debug|Any CPU
		Release|Any CPU = Release|Any CPU
	EndGlobalSection
	GlobalSection(ProjectConfigurationPlatforms) = postSolution
		{63770B4A-4DED-4D81-B39C-E8362B228F45}.Debug|Any CPU.ActiveCfg = Debug|Any CPU
		{63770B4A-4DED-4D81-B39C-E8362B228F45}.Debug|Any CPU.Build.0 = Debug|Any CPU
		{63770B4A-4DED-4D81-B39C-E8362B228F45}.Release|Any CPU.ActiveCfg = Release|Any CPU
		{63770B4A-4DED-4D81-B39C-E8362B228F45}.Release|Any CPU.Build.0 = Release|Any CPU
	EndGlobalSection
	GlobalSection(SolutionProperties) = preSolution
		HideSolutionNode = FALSE
	EndGlobalSection
	GlobalSection(ExtensibilityGlobals) = postSolution
		SolutionGuid = {BD31C06E-4A3A-46BD-BCB7-7BAC3BD480A1}
	EndGlobalSection
EndGlobal
